
Microsoft Visual Studio Solution File, Format Version 12.00
# Visual Studio 14
VisualStudioVersion = 14.0.25420.1
MinimumVisualStudioVersion = 10.0.40219.1
Project("{888888A0-9F3D-457C-B088-3A5042F75D52}") = "ImageSuggestion", "ImageSuggestion\ImageSuggestion.pyproj", "{BEBE9ED9-B16A-42DD-AC0E-FEA80DDAE05E}"
EndProject
Project("{888888A0-9F3D-457C-B088-3A5042F75D52}") = "ParalellFinder", "Sunaba\ParalellFinder.pyproj", "{C07707AA-6FD9-499A-B04C-2B8D84E754EE}"
EndProject
Global
	GlobalSection(SolutionConfigurationPlatforms) = preSolution
		Debug|Any CPU = Debug|Any CPU
		Release|Any CPU = Release|Any CPU
	EndGlobalSection
	GlobalSection(ProjectConfigurationPlatforms) = postSolution
		{BEBE9ED9-B16A-42DD-AC0E-FEA80DDAE05E}.Debug|Any CPU.ActiveCfg = Debug|Any CPU
		{BEBE9ED9-B16A-42DD-AC0E-FEA80DDAE05E}.Release|Any CPU.ActiveCfg = Release|Any CPU
		{C07707AA-6FD9-499A-B04C-2B8D84E754EE}.Debug|Any CPU.ActiveCfg = Debug|Any CPU
		{C07707AA-6FD9-499A-B04C-2B8D84E754EE}.Release|Any CPU.ActiveCfg = Release|Any CPU
	EndGlobalSection
	GlobalSection(SolutionProperties) = preSolution
		HideSolutionNode = FALSE
	EndGlobalSection
EndGlobal
